
Microsoft Visual Studio Solution File, Format Version 11.00
# Visual C++ Express 2010
Project("{8BC9CEB8-8B4A-11D0-8D11-00A0C91BC942}") = "FifteenPuzzleSolver", "FifteenPuzzleSolver\FifteenPuzzleSolver.vcxproj", "{3B16A2E5-E18A-437B-A6C3-A093883CBE97}"
EndProject
Global
	GlobalSection(SolutionConfigurationPlatforms) = preSolution
		Debug|Win32 = Debug|Win32
		Release|Win32 = Release|Win32
	EndGlobalSection
	GlobalSection(ProjectConfigurationPlatforms) = postSolution
		{3B16A2E5-E18A-437B-A6C3-A093883CBE97}.Debug|Win32.ActiveCfg = Debug|Win32
		{3B16A2E5-E18A-437B-A6C3-A093883CBE97}.Debug|Win32.Build.0 = Debug|Win32
		{3B16A2E5-E18A-437B-A6C3-A093883CBE97}.Release|Win32.ActiveCfg = Release|Win32
		{3B16A2E5-E18A-437B-A6C3-A093883CBE97}.Release|Win32.Build.0 = Release|Win32
	EndGlobalSection
	GlobalSection(SolutionProperties) = preSolution
		HideSolutionNode = FALSE
	EndGlobalSection
EndGlobal
